# This file is automatically @generated by Cargo.
# It is not intended for manual editing.
version = 4

[[package]]
name = "async-ffi"
version = "0.5.0"
source = "registry+https://github.com/rust-lang/crates.io-index"
checksum = "f4de21c0feef7e5a556e51af767c953f0501f7f300ba785cc99c47bdc8081a50"

[[package]]
name = "rust"
version = "0.3.3"
dependencies = [
 "async-ffi",
]
